// !$*UTF8*$!
{
	archiveVersion = 1;
	classes = {
	};
	objectVersion = 56;
	objects = {

/* Begin PBXBuildFile section */
		5339A54C2A6842E30057E993 /* EmptyIntakesView.swift in Sources */ = {isa = PBXBuildFile; fileRef = 5339A54B2A6842E30057E993 /* EmptyIntakesView.swift */; };
		534606922A70301100CA7009 /* HealthService.swift in Sources */ = {isa = PBXBuildFile; fileRef = 534606912A70301100CA7009 /* HealthService.swift */; };
		535033602A666B2D00579966 /* HydrationProvider.swift in Sources */ = {isa = PBXBuildFile; fileRef = 5350335F2A666B2D00579966 /* HydrationProvider.swift */; };
		535033632A666B5F00579966 /* HydrationDataModel.xcdatamodeld in Sources */ = {isa = PBXBuildFile; fileRef = 535033612A666B5F00579966 /* HydrationDataModel.xcdatamodeld */; };
		535033672A666D0200579966 /* Intake.swift in Sources */ = {isa = PBXBuildFile; fileRef = 535033652A666D0200579966 /* Intake.swift */; };
		53AD6CE42A6CEB4C00154E5E /* User.swift in Sources */ = {isa = PBXBuildFile; fileRef = 53AD6CE32A6CEB4C00154E5E /* User.swift */; };
		53CB7EC82A76F2FA00052C68 /* HealthKitError.swift in Sources */ = {isa = PBXBuildFile; fileRef = 53CB7EC72A76F2FA00052C68 /* HealthKitError.swift */; };
		53FE4BA92A7E2CD900FC0D9A /* Shimmer in Frameworks */ = {isa = PBXBuildFile; productRef = 53FE4BA82A7E2CD900FC0D9A /* Shimmer */; };
		53FE4BAB2A7E303300FC0D9A /* View+Shimmer.swift in Sources */ = {isa = PBXBuildFile; fileRef = 53FE4BAA2A7E303300FC0D9A /* View+Shimmer.swift */; };
		9E0BFB542A609AD500AAAD93 /* DataHelper.swift in Sources */ = {isa = PBXBuildFile; fileRef = 9E0BFB532A609AD500AAAD93 /* DataHelper.swift */; };
		9E2F2DB62A5D2A3D009AF30C /* HydrationApp.swift in Sources */ = {isa = PBXBuildFile; fileRef = 9E2F2DB52A5D2A3D009AF30C /* HydrationApp.swift */; };
		9E2F2DBA2A5D2A3F009AF30C /* Assets.xcassets in Resources */ = {isa = PBXBuildFile; fileRef = 9E2F2DB92A5D2A3F009AF30C /* Assets.xcassets */; };
		9E2F2DBD2A5D2A3F009AF30C /* Preview Assets.xcassets in Resources */ = {isa = PBXBuildFile; fileRef = 9E2F2DBC2A5D2A3F009AF30C /* Preview Assets.xcassets */; };
		9E2F2DC92A5D2A5F009AF30C /* Theme.swift in Sources */ = {isa = PBXBuildFile; fileRef = 9E2F2DC42A5D2A5F009AF30C /* Theme.swift */; };
		9E2F2DCA2A5D2A5F009AF30C /* InfoView.swift in Sources */ = {isa = PBXBuildFile; fileRef = 9E2F2DC62A5D2A5F009AF30C /* InfoView.swift */; };
		9E2F2DCC2A5D2A5F009AF30C /* HydrationView.swift in Sources */ = {isa = PBXBuildFile; fileRef = 9E2F2DC82A5D2A5F009AF30C /* HydrationView.swift */; };
		9E2F2DCE2A5D2B16009AF30C /* SettingsView.swift in Sources */ = {isa = PBXBuildFile; fileRef = 9E2F2DCD2A5D2B16009AF30C /* SettingsView.swift */; };
		9E2F2DD12A5D2C69009AF30C /* HapticsManager.swift in Sources */ = {isa = PBXBuildFile; fileRef = 9E2F2DD02A5D2C69009AF30C /* HapticsManager.swift */; };
		9E2F2DD32A5D2C89009AF30C /* UserDefaultKeys.swift in Sources */ = {isa = PBXBuildFile; fileRef = 9E2F2DD22A5D2C89009AF30C /* UserDefaultKeys.swift */; };
		9E57DE7B2A648B5D005539F0 /* AppTheme.swift in Sources */ = {isa = PBXBuildFile; fileRef = 9E57DE7A2A648B5D005539F0 /* AppTheme.swift */; };
		9E7A34F22A5F33120045777C /* ProgressBar.swift in Sources */ = {isa = PBXBuildFile; fileRef = 9E7A34F12A5F33120045777C /* ProgressBar.swift */; };
		9E7A34F72A5F453D0045777C /* IntakeType.swift in Sources */ = {isa = PBXBuildFile; fileRef = 9E7A34F62A5F453D0045777C /* IntakeType.swift */; };
		9E7A34F92A5F49230045777C /* IntakeRowView.swift in Sources */ = {isa = PBXBuildFile; fileRef = 9E7A34F82A5F49230045777C /* IntakeRowView.swift */; };
		9E92A9AB2A6C1FA600815990 /* HydrationViewModel.swift in Sources */ = {isa = PBXBuildFile; fileRef = 9E92A9AA2A6C1FA600815990 /* HydrationViewModel.swift */; };
		9EBA46462A5DD62500D8D44E /* CreateIntakeView.swift in Sources */ = {isa = PBXBuildFile; fileRef = 9EBA46452A5DD62500D8D44E /* CreateIntakeView.swift */; };
		9EBA46482A5DD90B00D8D44E /* CustomButton.swift in Sources */ = {isa = PBXBuildFile; fileRef = 9EBA46472A5DD90A00D8D44E /* CustomButton.swift */; };
/* End PBXBuildFile section */

/* Begin PBXFileReference section */
		5339A54B2A6842E30057E993 /* EmptyIntakesView.swift */ = {isa = PBXFileReference; lastKnownFileType = sourcecode.swift; path = EmptyIntakesView.swift; sourceTree = "<group>"; };
		534606912A70301100CA7009 /* HealthService.swift */ = {isa = PBXFileReference; lastKnownFileType = sourcecode.swift; path = HealthService.swift; sourceTree = "<group>"; };
		534606932A70319000CA7009 /* Info.plist */ = {isa = PBXFileReference; lastKnownFileType = text.plist; path = Info.plist; sourceTree = "<group>"; };
		534606942A7031AD00CA7009 /* Hydration.entitlements */ = {isa = PBXFileReference; lastKnownFileType = text.plist.entitlements; path = Hydration.entitlements; sourceTree = "<group>"; };
		5350335F2A666B2D00579966 /* HydrationProvider.swift */ = {isa = PBXFileReference; lastKnownFileType = sourcecode.swift; path = HydrationProvider.swift; sourceTree = "<group>"; };
		535033622A666B5F00579966 /* IntakesDataModel.xcdatamodel */ = {isa = PBXFileReference; lastKnownFileType = wrapper.xcdatamodel; path = IntakesDataModel.xcdatamodel; sourceTree = "<group>"; };
		535033652A666D0200579966 /* Intake.swift */ = {isa = PBXFileReference; lastKnownFileType = sourcecode.swift; path = Intake.swift; sourceTree = "<group>"; };
		53AD6CE32A6CEB4C00154E5E /* User.swift */ = {isa = PBXFileReference; lastKnownFileType = sourcecode.swift; path = User.swift; sourceTree = "<group>"; };
		53CB7EC72A76F2FA00052C68 /* HealthKitError.swift */ = {isa = PBXFileReference; lastKnownFileType = sourcecode.swift; path = HealthKitError.swift; sourceTree = "<group>"; };
		53FE4BAA2A7E303300FC0D9A /* View+Shimmer.swift */ = {isa = PBXFileReference; lastKnownFileType = sourcecode.swift; path = "View+Shimmer.swift"; sourceTree = "<group>"; };
		9E0BFB532A609AD500AAAD93 /* DataHelper.swift */ = {isa = PBXFileReference; lastKnownFileType = sourcecode.swift; path = DataHelper.swift; sourceTree = "<group>"; };
		9E2F2DB22A5D2A3D009AF30C /* Hydration.app */ = {isa = PBXFileReference; explicitFileType = wrapper.application; includeInIndex = 0; path = Hydration.app; sourceTree = BUILT_PRODUCTS_DIR; };
		9E2F2DB52A5D2A3D009AF30C /* HydrationApp.swift */ = {isa = PBXFileReference; lastKnownFileType = sourcecode.swift; path = HydrationApp.swift; sourceTree = "<group>"; };
		9E2F2DB92A5D2A3F009AF30C /* Assets.xcassets */ = {isa = PBXFileReference; lastKnownFileType = folder.assetcatalog; path = Assets.xcassets; sourceTree = "<group>"; };
		9E2F2DBC2A5D2A3F009AF30C /* Preview Assets.xcassets */ = {isa = PBXFileReference; lastKnownFileType = folder.assetcatalog; path = "Preview Assets.xcassets"; sourceTree = "<group>"; };
		9E2F2DC42A5D2A5F009AF30C /* Theme.swift */ = {isa = PBXFileReference; fileEncoding = 4; lastKnownFileType = sourcecode.swift; path = Theme.swift; sourceTree = "<group>"; };
		9E2F2DC62A5D2A5F009AF30C /* InfoView.swift */ = {isa = PBXFileReference; fileEncoding = 4; lastKnownFileType = sourcecode.swift; path = InfoView.swift; sourceTree = "<group>"; };
		9E2F2DC82A5D2A5F009AF30C /* HydrationView.swift */ = {isa = PBXFileReference; fileEncoding = 4; lastKnownFileType = sourcecode.swift; path = HydrationView.swift; sourceTree = "<group>"; };
		9E2F2DCD2A5D2B16009AF30C /* SettingsView.swift */ = {isa = PBXFileReference; lastKnownFileType = sourcecode.swift; path = SettingsView.swift; sourceTree = "<group>"; };
		9E2F2DD02A5D2C69009AF30C /* HapticsManager.swift */ = {isa = PBXFileReference; lastKnownFileType = sourcecode.swift; path = HapticsManager.swift; sourceTree = "<group>"; };
		9E2F2DD22A5D2C89009AF30C /* UserDefaultKeys.swift */ = {isa = PBXFileReference; lastKnownFileType = sourcecode.swift; path = UserDefaultKeys.swift; sourceTree = "<group>"; };
		9E57DE7A2A648B5D005539F0 /* AppTheme.swift */ = {isa = PBXFileReference; lastKnownFileType = sourcecode.swift; path = AppTheme.swift; sourceTree = "<group>"; };
		9E7A34F12A5F33120045777C /* ProgressBar.swift */ = {isa = PBXFileReference; lastKnownFileType = sourcecode.swift; path = ProgressBar.swift; sourceTree = "<group>"; };
		9E7A34F62A5F453D0045777C /* IntakeType.swift */ = {isa = PBXFileReference; lastKnownFileType = sourcecode.swift; path = IntakeType.swift; sourceTree = "<group>"; };
		9E7A34F82A5F49230045777C /* IntakeRowView.swift */ = {isa = PBXFileReference; lastKnownFileType = sourcecode.swift; path = IntakeRowView.swift; sourceTree = "<group>"; };
		9E92A9AA2A6C1FA600815990 /* HydrationViewModel.swift */ = {isa = PBXFileReference; lastKnownFileType = sourcecode.swift; path = HydrationViewModel.swift; sourceTree = "<group>"; };
		9EBA46452A5DD62500D8D44E /* CreateIntakeView.swift */ = {isa = PBXFileReference; lastKnownFileType = sourcecode.swift; name = CreateIntakeView.swift; path = ../Features/Create/CreateIntakeView.swift; sourceTree = "<group>"; };
		9EBA46472A5DD90A00D8D44E /* CustomButton.swift */ = {isa = PBXFileReference; lastKnownFileType = sourcecode.swift; path = CustomButton.swift; sourceTree = "<group>"; };
/* End PBXFileReference section */

/* Begin PBXFrameworksBuildPhase section */
		9E2F2DAF2A5D2A3D009AF30C /* Frameworks */ = {
			isa = PBXFrameworksBuildPhase;
			buildActionMask = 2147483647;
			files = (
				53FE4BA92A7E2CD900FC0D9A /* Shimmer in Frameworks */,
			);
			runOnlyForDeploymentPostprocessing = 0;
		};
/* End PBXFrameworksBuildPhase section */

/* Begin PBXGroup section */
		534606902A702FFA00CA7009 /* Service */ = {
			isa = PBXGroup;
			children = (
				534606912A70301100CA7009 /* HealthService.swift */,
				53CB7EC72A76F2FA00052C68 /* HealthKitError.swift */,
			);
			path = Service;
			sourceTree = "<group>";
		};
		534953722A6AB4CF0031BC92 /* DataModels */ = {
			isa = PBXGroup;
			children = (
				53AD6CE32A6CEB4C00154E5E /* User.swift */,
				535033652A666D0200579966 /* Intake.swift */,
				9E7A34F62A5F453D0045777C /* IntakeType.swift */,
				535033612A666B5F00579966 /* HydrationDataModel.xcdatamodeld */,
			);
			path = DataModels;
			sourceTree = "<group>";
		};
		534953732A6AB57E0031BC92 /* ViewModels */ = {
			isa = PBXGroup;
			children = (
				9E92A9AA2A6C1FA600815990 /* HydrationViewModel.swift */,
			);
			path = ViewModels;
			sourceTree = "<group>";
		};
		5350335E2A666B1700579966 /* Providers */ = {
			isa = PBXGroup;
			children = (
				5350335F2A666B2D00579966 /* HydrationProvider.swift */,
			);
			path = Providers;
			sourceTree = "<group>";
		};
		9E2F2DA92A5D2A3D009AF30C = {
			isa = PBXGroup;
			children = (
				9E2F2DB42A5D2A3D009AF30C /* Hydration */,
				9E2F2DB32A5D2A3D009AF30C /* Products */,
			);
			sourceTree = "<group>";
		};
		9E2F2DB32A5D2A3D009AF30C /* Products */ = {
			isa = PBXGroup;
			children = (
				9E2F2DB22A5D2A3D009AF30C /* Hydration.app */,
			);
			name = Products;
			sourceTree = "<group>";
		};
		9E2F2DB42A5D2A3D009AF30C /* Hydration */ = {
			isa = PBXGroup;
			children = (
				534606942A7031AD00CA7009 /* Hydration.entitlements */,
				534606932A70319000CA7009 /* Info.plist */,
				9E2F2DCF2A5D2C57009AF30C /* Helpers */,
				9E2F2DC52A5D2A5F009AF30C /* Views */,
				534953732A6AB57E0031BC92 /* ViewModels */,
				534953722A6AB4CF0031BC92 /* DataModels */,
				5350335E2A666B1700579966 /* Providers */,
				534606902A702FFA00CA7009 /* Service */,
				9E2F2DB52A5D2A3D009AF30C /* HydrationApp.swift */,
				9E2F2DB92A5D2A3F009AF30C /* Assets.xcassets */,
				9E2F2DBB2A5D2A3F009AF30C /* Preview Content */,
			);
			path = Hydration;
			sourceTree = "<group>";
		};
		9E2F2DBB2A5D2A3F009AF30C /* Preview Content */ = {
			isa = PBXGroup;
			children = (
				9E2F2DBC2A5D2A3F009AF30C /* Preview Assets.xcassets */,
			);
			path = "Preview Content";
			sourceTree = "<group>";
		};
		9E2F2DC52A5D2A5F009AF30C /* Views */ = {
			isa = PBXGroup;
			children = (
				9E2F2DC82A5D2A5F009AF30C /* HydrationView.swift */,
				9EBA46452A5DD62500D8D44E /* CreateIntakeView.swift */,
				9E2F2DCD2A5D2B16009AF30C /* SettingsView.swift */,
				9E2F2DC62A5D2A5F009AF30C /* InfoView.swift */,
				9EBA46472A5DD90A00D8D44E /* CustomButton.swift */,
				9E7A34F12A5F33120045777C /* ProgressBar.swift */,
				9E7A34F82A5F49230045777C /* IntakeRowView.swift */,
				5339A54B2A6842E30057E993 /* EmptyIntakesView.swift */,
			);
			path = Views;
			sourceTree = "<group>";
		};
		9E2F2DCF2A5D2C57009AF30C /* Helpers */ = {
			isa = PBXGroup;
			children = (
				9E2F2DD02A5D2C69009AF30C /* HapticsManager.swift */,
				9E2F2DD22A5D2C89009AF30C /* UserDefaultKeys.swift */,
				9E0BFB532A609AD500AAAD93 /* DataHelper.swift */,
				9E57DE7A2A648B5D005539F0 /* AppTheme.swift */,
				9E2F2DC42A5D2A5F009AF30C /* Theme.swift */,
				53FE4BAA2A7E303300FC0D9A /* View+Shimmer.swift */,
			);
			path = Helpers;
			sourceTree = "<group>";
		};
/* End PBXGroup section */

/* Begin PBXNativeTarget section */
		9E2F2DB12A5D2A3D009AF30C /* Hydration */ = {
			isa = PBXNativeTarget;
			buildConfigurationList = 9E2F2DC02A5D2A3F009AF30C /* Build configuration list for PBXNativeTarget "Hydration" */;
			buildPhases = (
				9E2F2DAE2A5D2A3D009AF30C /* Sources */,
				9E2F2DAF2A5D2A3D009AF30C /* Frameworks */,
				9E2F2DB02A5D2A3D009AF30C /* Resources */,
			);
			buildRules = (
			);
			dependencies = (
			);
			name = Hydration;
			packageProductDependencies = (
				53FE4BA82A7E2CD900FC0D9A /* Shimmer */,
			);
			productName = Hydration;
			productReference = 9E2F2DB22A5D2A3D009AF30C /* Hydration.app */;
			productType = "com.apple.product-type.application";
		};
/* End PBXNativeTarget section */

/* Begin PBXProject section */
		9E2F2DAA2A5D2A3D009AF30C /* Project object */ = {
			isa = PBXProject;
			attributes = {
				BuildIndependentTargetsInParallel = 1;
				LastSwiftUpdateCheck = 1430;
				LastUpgradeCheck = 1500;
				TargetAttributes = {
					9E2F2DB12A5D2A3D009AF30C = {
						CreatedOnToolsVersion = 14.3.1;
					};
				};
			};
			buildConfigurationList = 9E2F2DAD2A5D2A3D009AF30C /* Build configuration list for PBXProject "Hydration" */;
			compatibilityVersion = "Xcode 14.0";
			developmentRegion = en;
			hasScannedForEncodings = 0;
			knownRegions = (
				en,
				Base,
			);
			mainGroup = 9E2F2DA92A5D2A3D009AF30C;
			packageReferences = (
				53FE4BA72A7E2CD900FC0D9A /* XCRemoteSwiftPackageReference "SwiftUI-Shimmer" */,
			);
			productRefGroup = 9E2F2DB32A5D2A3D009AF30C /* Products */;
			projectDirPath = "";
			projectRoot = "";
			targets = (
				9E2F2DB12A5D2A3D009AF30C /* Hydration */,
			);
		};
/* End PBXProject section */

/* Begin PBXResourcesBuildPhase section */
		9E2F2DB02A5D2A3D009AF30C /* Resources */ = {
			isa = PBXResourcesBuildPhase;
			buildActionMask = 2147483647;
			files = (
				9E2F2DBD2A5D2A3F009AF30C /* Preview Assets.xcassets in Resources */,
				9E2F2DBA2A5D2A3F009AF30C /* Assets.xcassets in Resources */,
			);
			runOnlyForDeploymentPostprocessing = 0;
		};
/* End PBXResourcesBuildPhase section */

/* Begin PBXSourcesBuildPhase section */
		9E2F2DAE2A5D2A3D009AF30C /* Sources */ = {
			isa = PBXSourcesBuildPhase;
			buildActionMask = 2147483647;
			files = (
				535033672A666D0200579966 /* Intake.swift in Sources */,
				9E57DE7B2A648B5D005539F0 /* AppTheme.swift in Sources */,
				9E2F2DCE2A5D2B16009AF30C /* SettingsView.swift in Sources */,
				53CB7EC82A76F2FA00052C68 /* HealthKitError.swift in Sources */,
				9E2F2DCA2A5D2A5F009AF30C /* InfoView.swift in Sources */,
				535033632A666B5F00579966 /* HydrationDataModel.xcdatamodeld in Sources */,
				9E92A9AB2A6C1FA600815990 /* HydrationViewModel.swift in Sources */,
				9E2F2DC92A5D2A5F009AF30C /* Theme.swift in Sources */,
				9EBA46462A5DD62500D8D44E /* CreateIntakeView.swift in Sources */,
				53AD6CE42A6CEB4C00154E5E /* User.swift in Sources */,
				535033602A666B2D00579966 /* HydrationProvider.swift in Sources */,
				5339A54C2A6842E30057E993 /* EmptyIntakesView.swift in Sources */,
				534606922A70301100CA7009 /* HealthService.swift in Sources */,
				9E2F2DCC2A5D2A5F009AF30C /* HydrationView.swift in Sources */,
				9E0BFB542A609AD500AAAD93 /* DataHelper.swift in Sources */,
				9E2F2DD32A5D2C89009AF30C /* UserDefaultKeys.swift in Sources */,
				9EBA46482A5DD90B00D8D44E /* CustomButton.swift in Sources */,
				9E7A34F92A5F49230045777C /* IntakeRowView.swift in Sources */,
				9E2F2DB62A5D2A3D009AF30C /* HydrationApp.swift in Sources */,
				53FE4BAB2A7E303300FC0D9A /* View+Shimmer.swift in Sources */,
				9E2F2DD12A5D2C69009AF30C /* HapticsManager.swift in Sources */,
				9E7A34F72A5F453D0045777C /* IntakeType.swift in Sources */,
				9E7A34F22A5F33120045777C /* ProgressBar.swift in Sources */,
			);
			runOnlyForDeploymentPostprocessing = 0;
		};
/* End PBXSourcesBuildPhase section */

/* Begin XCBuildConfiguration section */
		9E2F2DBE2A5D2A3F009AF30C /* Debug */ = {
			isa = XCBuildConfiguration;
			buildSettings = {
				ALWAYS_SEARCH_USER_PATHS = NO;
				CLANG_ANALYZER_NONNULL = YES;
				CLANG_ANALYZER_NUMBER_OBJECT_CONVERSION = YES_AGGRESSIVE;
				CLANG_CXX_LANGUAGE_STANDARD = "gnu++20";
				CLANG_ENABLE_MODULES = YES;
				CLANG_ENABLE_OBJC_ARC = YES;
				CLANG_ENABLE_OBJC_WEAK = YES;
				CLANG_WARN_BLOCK_CAPTURE_AUTORELEASING = YES;
				CLANG_WARN_BOOL_CONVERSION = YES;
				CLANG_WARN_COMMA = YES;
				CLANG_WARN_CONSTANT_CONVERSION = YES;
				CLANG_WARN_DEPRECATED_OBJC_IMPLEMENTATIONS = YES;
				CLANG_WARN_DIRECT_OBJC_ISA_USAGE = YES_ERROR;
				CLANG_WARN_DOCUMENTATION_COMMENTS = YES;
				CLANG_WARN_EMPTY_BODY = YES;
				CLANG_WARN_ENUM_CONVERSION = YES;
				CLANG_WARN_INFINITE_RECURSION = YES;
				CLANG_WARN_INT_CONVERSION = YES;
				CLANG_WARN_NON_LITERAL_NULL_CONVERSION = YES;
				CLANG_WARN_OBJC_IMPLICIT_RETAIN_SELF = YES;
				CLANG_WARN_OBJC_LITERAL_CONVERSION = YES;
				CLANG_WARN_OBJC_ROOT_CLASS = YES_ERROR;
				CLANG_WARN_QUOTED_INCLUDE_IN_FRAMEWORK_HEADER = YES;
				CLANG_WARN_RANGE_LOOP_ANALYSIS = YES;
				CLANG_WARN_STRICT_PROTOTYPES = YES;
				CLANG_WARN_SUSPICIOUS_MOVE = YES;
				CLANG_WARN_UNGUARDED_AVAILABILITY = YES_AGGRESSIVE;
				CLANG_WARN_UNREACHABLE_CODE = YES;
				CLANG_WARN__DUPLICATE_METHOD_MATCH = YES;
				COPY_PHASE_STRIP = NO;
				DEBUG_INFORMATION_FORMAT = dwarf;
				ENABLE_STRICT_OBJC_MSGSEND = YES;
				ENABLE_TESTABILITY = YES;
				ENABLE_USER_SCRIPT_SANDBOXING = YES;
				GCC_C_LANGUAGE_STANDARD = gnu11;
				GCC_DYNAMIC_NO_PIC = NO;
				GCC_NO_COMMON_BLOCKS = YES;
				GCC_OPTIMIZATION_LEVEL = 0;
				GCC_PREPROCESSOR_DEFINITIONS = (
					"DEBUG=1",
					"$(inherited)",
				);
				GCC_WARN_64_TO_32_BIT_CONVERSION = YES;
				GCC_WARN_ABOUT_RETURN_TYPE = YES_ERROR;
				GCC_WARN_UNDECLARED_SELECTOR = YES;
				GCC_WARN_UNINITIALIZED_AUTOS = YES_AGGRESSIVE;
				GCC_WARN_UNUSED_FUNCTION = YES;
				GCC_WARN_UNUSED_VARIABLE = YES;
				IPHONEOS_DEPLOYMENT_TARGET = 16.4;
				MTL_ENABLE_DEBUG_INFO = INCLUDE_SOURCE;
				MTL_FAST_MATH = YES;
				ONLY_ACTIVE_ARCH = YES;
				SDKROOT = iphoneos;
				SWIFT_ACTIVE_COMPILATION_CONDITIONS = DEBUG;
				SWIFT_OPTIMIZATION_LEVEL = "-Onone";
			};
			name = Debug;
		};
		9E2F2DBF2A5D2A3F009AF30C /* Release */ = {
			isa = XCBuildConfiguration;
			buildSettings = {
				ALWAYS_SEARCH_USER_PATHS = NO;
				CLANG_ANALYZER_NONNULL = YES;
				CLANG_ANALYZER_NUMBER_OBJECT_CONVERSION = YES_AGGRESSIVE;
				CLANG_CXX_LANGUAGE_STANDARD = "gnu++20";
				CLANG_ENABLE_MODULES = YES;
				CLANG_ENABLE_OBJC_ARC = YES;
				CLANG_ENABLE_OBJC_WEAK = YES;
				CLANG_WARN_BLOCK_CAPTURE_AUTORELEASING = YES;
				CLANG_WARN_BOOL_CONVERSION = YES;
				CLANG_WARN_COMMA = YES;
				CLANG_WARN_CONSTANT_CONVERSION = YES;
				CLANG_WARN_DEPRECATED_OBJC_IMPLEMENTATIONS = YES;
				CLANG_WARN_DIRECT_OBJC_ISA_USAGE = YES_ERROR;
				CLANG_WARN_DOCUMENTATION_COMMENTS = YES;
				CLANG_WARN_EMPTY_BODY = YES;
				CLANG_WARN_ENUM_CONVERSION = YES;
				CLANG_WARN_INFINITE_RECURSION = YES;
				CLANG_WARN_INT_CONVERSION = YES;
				CLANG_WARN_NON_LITERAL_NULL_CONVERSION = YES;
				CLANG_WARN_OBJC_IMPLICIT_RETAIN_SELF = YES;
				CLANG_WARN_OBJC_LITERAL_CONVERSION = YES;
				CLANG_WARN_OBJC_ROOT_CLASS = YES_ERROR;
				CLANG_WARN_QUOTED_INCLUDE_IN_FRAMEWORK_HEADER = YES;
				CLANG_WARN_RANGE_LOOP_ANALYSIS = YES;
				CLANG_WARN_STRICT_PROTOTYPES = YES;
				CLANG_WARN_SUSPICIOUS_MOVE = YES;
				CLANG_WARN_UNGUARDED_AVAILABILITY = YES_AGGRESSIVE;
				CLANG_WARN_UNREACHABLE_CODE = YES;
				CLANG_WARN__DUPLICATE_METHOD_MATCH = YES;
				COPY_PHASE_STRIP = NO;
				DEBUG_INFORMATION_FORMAT = "dwarf-with-dsym";
				ENABLE_NS_ASSERTIONS = NO;
				ENABLE_STRICT_OBJC_MSGSEND = YES;
				ENABLE_USER_SCRIPT_SANDBOXING = YES;
				GCC_C_LANGUAGE_STANDARD = gnu11;
				GCC_NO_COMMON_BLOCKS = YES;
				GCC_WARN_64_TO_32_BIT_CONVERSION = YES;
				GCC_WARN_ABOUT_RETURN_TYPE = YES_ERROR;
				GCC_WARN_UNDECLARED_SELECTOR = YES;
				GCC_WARN_UNINITIALIZED_AUTOS = YES_AGGRESSIVE;
				GCC_WARN_UNUSED_FUNCTION = YES;
				GCC_WARN_UNUSED_VARIABLE = YES;
				IPHONEOS_DEPLOYMENT_TARGET = 16.4;
				MTL_ENABLE_DEBUG_INFO = NO;
				MTL_FAST_MATH = YES;
				SDKROOT = iphoneos;
				SWIFT_COMPILATION_MODE = wholemodule;
				SWIFT_OPTIMIZATION_LEVEL = "-O";
				VALIDATE_PRODUCT = YES;
			};
			name = Release;
		};
		9E2F2DC12A5D2A3F009AF30C /* Debug */ = {
			isa = XCBuildConfiguration;
			buildSettings = {
				ASSETCATALOG_COMPILER_APPICON_NAME = AppIcon;
				ASSETCATALOG_COMPILER_GLOBAL_ACCENT_COLOR_NAME = AccentColor;
				CODE_SIGN_ENTITLEMENTS = Hydration/Hydration.entitlements;
				CODE_SIGN_STYLE = Automatic;
				CURRENT_PROJECT_VERSION = 1;
				DEVELOPMENT_ASSET_PATHS = "\"Hydration/Preview Content\"";
				DEVELOPMENT_TEAM = AXJR9SZZGY;
				ENABLE_PREVIEWS = YES;
				GENERATE_INFOPLIST_FILE = YES;
				INFOPLIST_FILE = Hydration/Info.plist;
				INFOPLIST_KEY_CFBundleDisplayName = Hydration;
				INFOPLIST_KEY_LSApplicationCategoryType = "public.app-category.healthcare-fitness";
				INFOPLIST_KEY_NSHealthUpdateUsageDescription = "The app requires access to update Apple Health Service with your water consumption.";
				INFOPLIST_KEY_UIApplicationSceneManifest_Generation = YES;
				INFOPLIST_KEY_UIApplicationSupportsIndirectInputEvents = YES;
				INFOPLIST_KEY_UILaunchScreen_Generation = YES;
				INFOPLIST_KEY_UISupportedInterfaceOrientations_iPad = "UIInterfaceOrientationPortrait UIInterfaceOrientationPortraitUpsideDown UIInterfaceOrientationLandscapeLeft UIInterfaceOrientationLandscapeRight";
				INFOPLIST_KEY_UISupportedInterfaceOrientations_iPhone = "UIInterfaceOrientationPortrait UIInterfaceOrientationLandscapeLeft UIInterfaceOrientationLandscapeRight";
				LD_RUNPATH_SEARCH_PATHS = (
					"$(inherited)",
					"@executable_path/Frameworks",
				);
				MARKETING_VERSION = 1.0;
				PRODUCT_BUNDLE_IDENTIFIER = io.rafaelribeiro.Hydration;
				PRODUCT_NAME = "$(TARGET_NAME)";
				SWIFT_EMIT_LOC_STRINGS = YES;
				SWIFT_VERSION = 5.0;
				TARGETED_DEVICE_FAMILY = "1,2";
			};
			name = Debug;
		};
		9E2F2DC22A5D2A3F009AF30C /* Release */ = {
			isa = XCBuildConfiguration;
			buildSettings = {
				ASSETCATALOG_COMPILER_APPICON_NAME = AppIcon;
				ASSETCATALOG_COMPILER_GLOBAL_ACCENT_COLOR_NAME = AccentColor;
				CODE_SIGN_ENTITLEMENTS = Hydration/Hydration.entitlements;
				CODE_SIGN_STYLE = Automatic;
				CURRENT_PROJECT_VERSION = 1;
				DEVELOPMENT_ASSET_PATHS = "\"Hydration/Preview Content\"";
				DEVELOPMENT_TEAM = AXJR9SZZGY;
				ENABLE_PREVIEWS = YES;
				GENERATE_INFOPLIST_FILE = YES;
				INFOPLIST_FILE = Hydration/Info.plist;
				INFOPLIST_KEY_CFBundleDisplayName = Hydration;
				INFOPLIST_KEY_LSApplicationCategoryType = "public.app-category.healthcare-fitness";
				INFOPLIST_KEY_NSHealthUpdateUsageDescription = "The app requires access to update Apple Health Service with your water consumption.";
				INFOPLIST_KEY_UIApplicationSceneManifest_Generation = YES;
				INFOPLIST_KEY_UIApplicationSupportsIndirectInputEvents = YES;
				INFOPLIST_KEY_UILaunchScreen_Generation = YES;
				INFOPLIST_KEY_UISupportedInterfaceOrientations_iPad = "UIInterfaceOrientationPortrait UIInterfaceOrientationPortraitUpsideDown UIInterfaceOrientationLandscapeLeft UIInterfaceOrientationLandscapeRight";
				INFOPLIST_KEY_UISupportedInterfaceOrientations_iPhone = "UIInterfaceOrientationPortrait UIInterfaceOrientationLandscapeLeft UIInterfaceOrientationLandscapeRight";
				LD_RUNPATH_SEARCH_PATHS = (
					"$(inherited)",
					"@executable_path/Frameworks",
				);
				MARKETING_VERSION = 1.0;
				PRODUCT_BUNDLE_IDENTIFIER = io.rafaelribeiro.Hydration;
				PRODUCT_NAME = "$(TARGET_NAME)";
				SWIFT_EMIT_LOC_STRINGS = YES;
				SWIFT_VERSION = 5.0;
				TARGETED_DEVICE_FAMILY = "1,2";
			};
			name = Release;
		};
/* End XCBuildConfiguration section */

/* Begin XCConfigurationList section */
		9E2F2DAD2A5D2A3D009AF30C /* Build configuration list for PBXProject "Hydration" */ = {
			isa = XCConfigurationList;
			buildConfigurations = (
				9E2F2DBE2A5D2A3F009AF30C /* Debug */,
				9E2F2DBF2A5D2A3F009AF30C /* Release */,
			);
			defaultConfigurationIsVisible = 0;
			defaultConfigurationName = Release;
		};
		9E2F2DC02A5D2A3F009AF30C /* Build configuration list for PBXNativeTarget "Hydration" */ = {
			isa = XCConfigurationList;
			buildConfigurations = (
				9E2F2DC12A5D2A3F009AF30C /* Debug */,
				9E2F2DC22A5D2A3F009AF30C /* Release */,
			);
			defaultConfigurationIsVisible = 0;
			defaultConfigurationName = Release;
		};
/* End XCConfigurationList section */

/* Begin XCRemoteSwiftPackageReference section */
		53FE4BA72A7E2CD900FC0D9A /* XCRemoteSwiftPackageReference "SwiftUI-Shimmer" */ = {
			isa = XCRemoteSwiftPackageReference;
			repositoryURL = "https://github.com/markiv/SwiftUI-Shimmer";
			requirement = {
				kind = upToNextMajorVersion;
				minimumVersion = 1.0.0;
			};
		};
/* End XCRemoteSwiftPackageReference section */

/* Begin XCSwiftPackageProductDependency section */
		53FE4BA82A7E2CD900FC0D9A /* Shimmer */ = {
			isa = XCSwiftPackageProductDependency;
			package = 53FE4BA72A7E2CD900FC0D9A /* XCRemoteSwiftPackageReference "SwiftUI-Shimmer" */;
			productName = Shimmer;
		};
/* End XCSwiftPackageProductDependency section */

/* Begin XCVersionGroup section */
		535033612A666B5F00579966 /* HydrationDataModel.xcdatamodeld */ = {
			isa = XCVersionGroup;
			children = (
				535033622A666B5F00579966 /* IntakesDataModel.xcdatamodel */,
			);
			currentVersion = 535033622A666B5F00579966 /* IntakesDataModel.xcdatamodel */;
			path = HydrationDataModel.xcdatamodeld;
			sourceTree = "<group>";
			versionGroupType = wrapper.xcdatamodel;
		};
/* End XCVersionGroup section */
	};
	rootObject = 9E2F2DAA2A5D2A3D009AF30C /* Project object */;
}
